
Microsoft Visual Studio Solution File, Format Version 12.00
# Visual Studio Version 17
VisualStudioVersion = 17.6.33927.249
MinimumVisualStudioVersion = 10.0.40219.1
Project("{FAE04EC0-301F-11D3-BF4B-00C04F79EFBC}") = "Recap", "Recap\Recap.csproj", "{55299AEB-2C91-419D-A5F8-9684A30614E8}"
EndProject
Global
	GlobalSection(SolutionConfigurationPlatforms) = preSolution
		Debug|Any CPU = Debug|Any CPU
		Release|Any CPU = Release|Any CPU
	EndGlobalSection
	GlobalSection(ProjectConfigurationPlatforms) = postSolution
		{55299AEB-2C91-419D-A5F8-9684A30614E8}.Debug|Any CPU.ActiveCfg = Debug|Any CPU
		{55299AEB-2C91-419D-A5F8-9684A30614E8}.Debug|Any CPU.Build.0 = Debug|Any CPU
		{55299AEB-2C91-419D-A5F8-9684A30614E8}.Release|Any CPU.ActiveCfg = Release|Any CPU
		{55299AEB-2C91-419D-A5F8-9684A30614E8}.Release|Any CPU.Build.0 = Release|Any CPU
	EndGlobalSection
	GlobalSection(SolutionProperties) = preSolution
		HideSolutionNode = FALSE
	EndGlobalSection
	GlobalSection(ExtensibilityGlobals) = postSolution
		SolutionGuid = {3B3F2979-6E8E-425C-91E2-33AA5F48FEC6}
	EndGlobalSection
EndGlobal
